
Microsoft Visual Studio Solution File, Format Version 12.00
# Visual Studio Version 17
VisualStudioVersion = 17.7.34024.191
MinimumVisualStudioVersion = 10.0.40219.1
Project("{FAE04EC0-301F-11D3-BF4B-00C04F79EFBC}") = "otusDb_postgresTest", "otusDb_postgresTest\otusDb_postgresTest.csproj", "{06FD8E36-D74A-4E32-BE8F-2EDBAB484EE6}"
EndProject
Global
	GlobalSection(SolutionConfigurationPlatforms) = preSolution
		Debug|Any CPU = Debug|Any CPU
		Release|Any CPU = Release|Any CPU
	EndGlobalSection
	GlobalSection(ProjectConfigurationPlatforms) = postSolution
		{06FD8E36-D74A-4E32-BE8F-2EDBAB484EE6}.Debug|Any CPU.ActiveCfg = Debug|Any CPU
		{06FD8E36-D74A-4E32-BE8F-2EDBAB484EE6}.Debug|Any CPU.Build.0 = Debug|Any CPU
		{06FD8E36-D74A-4E32-BE8F-2EDBAB484EE6}.Release|Any CPU.ActiveCfg = Release|Any CPU
		{06FD8E36-D74A-4E32-BE8F-2EDBAB484EE6}.Release|Any CPU.Build.0 = Release|Any CPU
	EndGlobalSection
	GlobalSection(SolutionProperties) = preSolution
		HideSolutionNode = FALSE
	EndGlobalSection
	GlobalSection(ExtensibilityGlobals) = postSolution
		SolutionGuid = {6DBEA4F4-AE0F-480C-B49D-8FADF4360E68}
	EndGlobalSection
EndGlobal
